
Microsoft Visual Studio Solution File, Format Version 12.00
# Visual Studio Version 16
VisualStudioVersion = 16.0.31005.135
MinimumVisualStudioVersion = 10.0.40219.1
Project("{9A19103F-16F7-4668-BE54-9A1E7A4F7556}") = "Backend.Api", "Backend.Api\Backend.Api.csproj", "{E9B51353-3E6D-495F-B4AF-6FA2F80603B6}"
EndProject
Project("{9A19103F-16F7-4668-BE54-9A1E7A4F7556}") = "Backend.Module", "Backend.Module\Backend.Module.csproj", "{0BB28252-50F4-46BB-8225-5785B5BF2DC6}"
EndProject
Global
	GlobalSection(SolutionConfigurationPlatforms) = preSolution
		Debug|Any CPU = Debug|Any CPU
		Release|Any CPU = Release|Any CPU
	EndGlobalSection
	GlobalSection(ProjectConfigurationPlatforms) = postSolution
		{E9B51353-3E6D-495F-B4AF-6FA2F80603B6}.Debug|Any CPU.ActiveCfg = Debug|Any CPU
		{E9B51353-3E6D-495F-B4AF-6FA2F80603B6}.Debug|Any CPU.Build.0 = Debug|Any CPU
		{E9B51353-3E6D-495F-B4AF-6FA2F80603B6}.Release|Any CPU.ActiveCfg = Release|Any CPU
		{E9B51353-3E6D-495F-B4AF-6FA2F80603B6}.Release|Any CPU.Build.0 = Release|Any CPU
		{0BB28252-50F4-46BB-8225-5785B5BF2DC6}.Debug|Any CPU.ActiveCfg = Debug|Any CPU
		{0BB28252-50F4-46BB-8225-5785B5BF2DC6}.Debug|Any CPU.Build.0 = Debug|Any CPU
		{0BB28252-50F4-46BB-8225-5785B5BF2DC6}.Release|Any CPU.ActiveCfg = Release|Any CPU
		{0BB28252-50F4-46BB-8225-5785B5BF2DC6}.Release|Any CPU.Build.0 = Release|Any CPU
	EndGlobalSection
	GlobalSection(SolutionProperties) = preSolution
		HideSolutionNode = FALSE
	EndGlobalSection
	GlobalSection(ExtensibilityGlobals) = postSolution
		SolutionGuid = {715D4472-CB62-4F79-A045-AC1EE5D2886D}
	EndGlobalSection
EndGlobal
